
Microsoft Visual Studio Solution File, Format Version 12.00
# Visual Studio 15
VisualStudioVersion = 15.0.27004.2010
MinimumVisualStudioVersion = 10.0.40219.1
Project("{2150E333-8FDC-42A3-9474-1A3956D46DE8}") = "src", "src", "{33D01C4D-658D-4A7B-B482-676E6D1FA10E}"
EndProject
Project("{9A19103F-16F7-4668-BE54-9A1E7A4F7556}") = "Identity.API", "src\Identity.API\Identity.API.csproj", "{86715BF7-090F-415A-BC6B-4C518B89C33D}"
EndProject
Global
	GlobalSection(SolutionConfigurationPlatforms) = preSolution
		Debug|Any CPU = Debug|Any CPU
		Release|Any CPU = Release|Any CPU
	EndGlobalSection
	GlobalSection(ProjectConfigurationPlatforms) = postSolution
		{86715BF7-090F-415A-BC6B-4C518B89C33D}.Debug|Any CPU.ActiveCfg = Debug|Any CPU
		{86715BF7-090F-415A-BC6B-4C518B89C33D}.Debug|Any CPU.Build.0 = Debug|Any CPU
		{86715BF7-090F-415A-BC6B-4C518B89C33D}.Release|Any CPU.ActiveCfg = Release|Any CPU
		{86715BF7-090F-415A-BC6B-4C518B89C33D}.Release|Any CPU.Build.0 = Release|Any CPU
	EndGlobalSection
	GlobalSection(SolutionProperties) = preSolution
		HideSolutionNode = FALSE
	EndGlobalSection
	GlobalSection(NestedProjects) = preSolution
		{86715BF7-090F-415A-BC6B-4C518B89C33D} = {33D01C4D-658D-4A7B-B482-676E6D1FA10E}
	EndGlobalSection
	GlobalSection(ExtensibilityGlobals) = postSolution
		SolutionGuid = {AB932A16-D94F-4C0B-923D-9B1208C41428}
	EndGlobalSection
EndGlobal
